
Microsoft Visual Studio Solution File, Format Version 12.00
# Visual Studio Version 17
VisualStudioVersion = 17.3.32929.385
MinimumVisualStudioVersion = 10.0.40219.1
Project("{FAE04EC0-301F-11D3-BF4B-00C04F79EFBC}") = "presentacion", "presentacion\presentacion.csproj", "{8C3BC2C8-BE7D-4EEE-B58A-B58520CE23E7}"
EndProject
Project("{FAE04EC0-301F-11D3-BF4B-00C04F79EFBC}") = "dominio", "dominio\dominio.csproj", "{73923A97-40EE-4950-A477-394A13B72E13}"
EndProject
Project("{FAE04EC0-301F-11D3-BF4B-00C04F79EFBC}") = "negocio", "negocio\negocio.csproj", "{9115A3DA-FE22-4A32-A849-FC5CDF40DB06}"
EndProject
Global
	GlobalSection(SolutionConfigurationPlatforms) = preSolution
		Debug|Any CPU = Debug|Any CPU
		Release|Any CPU = Release|Any CPU
	EndGlobalSection
	GlobalSection(ProjectConfigurationPlatforms) = postSolution
		{8C3BC2C8-BE7D-4EEE-B58A-B58520CE23E7}.Debug|Any CPU.ActiveCfg = Debug|Any CPU
		{8C3BC2C8-BE7D-4EEE-B58A-B58520CE23E7}.Debug|Any CPU.Build.0 = Debug|Any CPU
		{8C3BC2C8-BE7D-4EEE-B58A-B58520CE23E7}.Release|Any CPU.ActiveCfg = Release|Any CPU
		{8C3BC2C8-BE7D-4EEE-B58A-B58520CE23E7}.Release|Any CPU.Build.0 = Release|Any CPU
		{73923A97-40EE-4950-A477-394A13B72E13}.Debug|Any CPU.ActiveCfg = Debug|Any CPU
		{73923A97-40EE-4950-A477-394A13B72E13}.Debug|Any CPU.Build.0 = Debug|Any CPU
		{73923A97-40EE-4950-A477-394A13B72E13}.Release|Any CPU.ActiveCfg = Release|Any CPU
		{73923A97-40EE-4950-A477-394A13B72E13}.Release|Any CPU.Build.0 = Release|Any CPU
		{9115A3DA-FE22-4A32-A849-FC5CDF40DB06}.Debug|Any CPU.ActiveCfg = Debug|Any CPU
		{9115A3DA-FE22-4A32-A849-FC5CDF40DB06}.Debug|Any CPU.Build.0 = Debug|Any CPU
		{9115A3DA-FE22-4A32-A849-FC5CDF40DB06}.Release|Any CPU.ActiveCfg = Release|Any CPU
		{9115A3DA-FE22-4A32-A849-FC5CDF40DB06}.Release|Any CPU.Build.0 = Release|Any CPU
	EndGlobalSection
	GlobalSection(SolutionProperties) = preSolution
		HideSolutionNode = FALSE
	EndGlobalSection
	GlobalSection(ExtensibilityGlobals) = postSolution
		SolutionGuid = {164F39A9-2720-4386-B06E-9DCDD15DCFF8}
	EndGlobalSection
EndGlobal
